
Microsoft Visual Studio Solution File, Format Version 12.00
# Visual Studio Version 17
VisualStudioVersion = 17.13.35931.197 d17.13
MinimumVisualStudioVersion = 10.0.40219.1
Project("{FAE04EC0-301F-11D3-BF4B-00C04F79EFBC}") = "ShortsPoster", "ShortsPoster\ShortsPoster.csproj", "{1C353771-F2F7-40C8-886C-E8F5FEEEA6BF}"
EndProject
Global
	GlobalSection(SolutionConfigurationPlatforms) = preSolution
		Debug|Any CPU = Debug|Any CPU
		Release|Any CPU = Release|Any CPU
	EndGlobalSection
	GlobalSection(ProjectConfigurationPlatforms) = postSolution
		{1C353771-F2F7-40C8-886C-E8F5FEEEA6BF}.Debug|Any CPU.ActiveCfg = Debug|Any CPU
		{1C353771-F2F7-40C8-886C-E8F5FEEEA6BF}.Debug|Any CPU.Build.0 = Debug|Any CPU
		{1C353771-F2F7-40C8-886C-E8F5FEEEA6BF}.Release|Any CPU.ActiveCfg = Release|Any CPU
		{1C353771-F2F7-40C8-886C-E8F5FEEEA6BF}.Release|Any CPU.Build.0 = Release|Any CPU
	EndGlobalSection
	GlobalSection(SolutionProperties) = preSolution
		HideSolutionNode = FALSE
	EndGlobalSection
	GlobalSection(ExtensibilityGlobals) = postSolution
		SolutionGuid = {EA72C552-E206-4EDA-8E87-432829DA3FA0}
	EndGlobalSection
EndGlobal
